// !$*UTF8*$!
{
	archiveVersion = 1;
	classes = {
	};
	objectVersion = 46;
	objects = {

/* Begin PBXBuildFile section */
		06711DCE1DAD0DFA0094E124 /* FRETypeConverter.m in Sources */ = {isa = PBXBuildFile; fileRef = 06711DC91DAD0DFA0094E124 /* FRETypeConverter.m */; };
		06711DCF1DAD0DFA0094E124 /* libTenjinSDKUniversal.a in Frameworks */ = {isa = PBXBuildFile; fileRef = 06711DCB1DAD0DFA0094E124 /* libTenjinSDKUniversal.a */; };
		06711DD01DAD0DFA0094E124 /* TenjinIosExtension.m in Sources */ = {isa = PBXBuildFile; fileRef = 06711DCD1DAD0DFA0094E124 /* TenjinIosExtension.m */; };
		06711DD31DAD0F030094E124 /* AdSupport.framework in Frameworks */ = {isa = PBXBuildFile; fileRef = 06711DD21DAD0F030094E124 /* AdSupport.framework */; };
		06711DD51DAD0F080094E124 /* StoreKit.framework in Frameworks */ = {isa = PBXBuildFile; fileRef = 06711DD41DAD0F080094E124 /* StoreKit.framework */; };
		06711DD71DAD0F0D0094E124 /* iAd.framework in Frameworks */ = {isa = PBXBuildFile; fileRef = 06711DD61DAD0F0D0094E124 /* iAd.framework */; };
/* End PBXBuildFile section */

/* Begin PBXCopyFilesBuildPhase section */
		06711D9C1DACE6EC0094E124 /* CopyFiles */ = {
			isa = PBXCopyFilesBuildPhase;
			buildActionMask = 2147483647;
			dstPath = "include/$(PRODUCT_NAME)";
			dstSubfolderSpec = 16;
			files = (
			);
			runOnlyForDeploymentPostprocessing = 0;
		};
/* End PBXCopyFilesBuildPhase section */

/* Begin PBXFileReference section */
		06711D9E1DACE6EC0094E124 /* libTenjinIosExtension.a */ = {isa = PBXFileReference; explicitFileType = archive.ar; includeInIndex = 0; path = libTenjinIosExtension.a; sourceTree = BUILT_PRODUCTS_DIR; };
		06711DC71DAD0DFA0094E124 /* FlashRuntimeExtensions.h */ = {isa = PBXFileReference; fileEncoding = 4; lastKnownFileType = sourcecode.c.h; path = FlashRuntimeExtensions.h; sourceTree = "<group>"; };
		06711DC81DAD0DFA0094E124 /* FRETypeConverter.h */ = {isa = PBXFileReference; fileEncoding = 4; lastKnownFileType = sourcecode.c.h; path = FRETypeConverter.h; sourceTree = "<group>"; };
		06711DC91DAD0DFA0094E124 /* FRETypeConverter.m */ = {isa = PBXFileReference; fileEncoding = 4; lastKnownFileType = sourcecode.c.objc; path = FRETypeConverter.m; sourceTree = "<group>"; };
		06711DCB1DAD0DFA0094E124 /* libTenjinSDKUniversal.a */ = {isa = PBXFileReference; lastKnownFileType = archive.ar; path = libTenjinSDKUniversal.a; sourceTree = "<group>"; };
		06711DCC1DAD0DFA0094E124 /* TenjinSDK.h */ = {isa = PBXFileReference; fileEncoding = 4; lastKnownFileType = sourcecode.c.h; path = TenjinSDK.h; sourceTree = "<group>"; };
		06711DCD1DAD0DFA0094E124 /* TenjinIosExtension.m */ = {isa = PBXFileReference; fileEncoding = 4; lastKnownFileType = sourcecode.c.objc; path = TenjinIosExtension.m; sourceTree = "<group>"; };
		06711DD21DAD0F030094E124 /* AdSupport.framework */ = {isa = PBXFileReference; lastKnownFileType = wrapper.framework; name = AdSupport.framework; path = System/Library/Frameworks/AdSupport.framework; sourceTree = SDKROOT; };
		06711DD41DAD0F080094E124 /* StoreKit.framework */ = {isa = PBXFileReference; lastKnownFileType = wrapper.framework; name = StoreKit.framework; path = System/Library/Frameworks/StoreKit.framework; sourceTree = SDKROOT; };
		06711DD61DAD0F0D0094E124 /* iAd.framework */ = {isa = PBXFileReference; lastKnownFileType = wrapper.framework; name = iAd.framework; path = System/Library/Frameworks/iAd.framework; sourceTree = SDKROOT; };
/* End PBXFileReference section */

/* Begin PBXFrameworksBuildPhase section */
		06711D9B1DACE6EC0094E124 /* Frameworks */ = {
			isa = PBXFrameworksBuildPhase;
			buildActionMask = 2147483647;
			files = (
				06711DD71DAD0F0D0094E124 /* iAd.framework in Frameworks */,
				06711DD51DAD0F080094E124 /* StoreKit.framework in Frameworks */,
				06711DD31DAD0F030094E124 /* AdSupport.framework in Frameworks */,
				06711DCF1DAD0DFA0094E124 /* libTenjinSDKUniversal.a in Frameworks */,
			);
			runOnlyForDeploymentPostprocessing = 0;
		};
/* End PBXFrameworksBuildPhase section */

/* Begin PBXGroup section */
		06711D951DACE6EC0094E124 = {
			isa = PBXGroup;
			children = (
				06711DA01DACE6EC0094E124 /* TenjinIosExtension */,
				06711D9F1DACE6EC0094E124 /* Products */,
				06711DD11DAD0F030094E124 /* Frameworks */,
			);
			sourceTree = "<group>";
		};
		06711D9F1DACE6EC0094E124 /* Products */ = {
			isa = PBXGroup;
			children = (
				06711D9E1DACE6EC0094E124 /* libTenjinIosExtension.a */,
			);
			name = Products;
			sourceTree = "<group>";
		};
		06711DA01DACE6EC0094E124 /* TenjinIosExtension */ = {
			isa = PBXGroup;
			children = (
				06711DC71DAD0DFA0094E124 /* FlashRuntimeExtensions.h */,
				06711DC81DAD0DFA0094E124 /* FRETypeConverter.h */,
				06711DC91DAD0DFA0094E124 /* FRETypeConverter.m */,
				06711DCA1DAD0DFA0094E124 /* SDK */,
				06711DCD1DAD0DFA0094E124 /* TenjinIosExtension.m */,
			);
			path = TenjinIosExtension;
			sourceTree = "<group>";
		};
		06711DCA1DAD0DFA0094E124 /* SDK */ = {
			isa = PBXGroup;
			children = (
				06711DCB1DAD0DFA0094E124 /* libTenjinSDKUniversal.a */,
				06711DCC1DAD0DFA0094E124 /* TenjinSDK.h */,
			);
			path = SDK;
			sourceTree = "<group>";
		};
		06711DD11DAD0F030094E124 /* Frameworks */ = {
			isa = PBXGroup;
			children = (
				06711DD61DAD0F0D0094E124 /* iAd.framework */,
				06711DD41DAD0F080094E124 /* StoreKit.framework */,
				06711DD21DAD0F030094E124 /* AdSupport.framework */,
			);
			name = Frameworks;
			sourceTree = "<group>";
		};
/* End PBXGroup section */

/* Begin PBXNativeTarget section */
		06711D9D1DACE6EC0094E124 /* TenjinIosExtension */ = {
			isa = PBXNativeTarget;
			buildConfigurationList = 06711DA71DACE6EC0094E124 /* Build configuration list for PBXNativeTarget "TenjinIosExtension" */;
			buildPhases = (
				06711D9A1DACE6EC0094E124 /* Sources */,
				06711D9B1DACE6EC0094E124 /* Frameworks */,
				06711D9C1DACE6EC0094E124 /* CopyFiles */,
			);
			buildRules = (
			);
			dependencies = (
			);
			name = TenjinIosExtension;
			productName = TenjinIosExtension;
			productReference = 06711D9E1DACE6EC0094E124 /* libTenjinIosExtension.a */;
			productType = "com.apple.product-type.library.static";
		};
/* End PBXNativeTarget section */

/* Begin PBXProject section */
		06711D961DACE6EC0094E124 /* Project object */ = {
			isa = PBXProject;
			attributes = {
				LastUpgradeCheck = 0800;
				ORGANIZATIONNAME = "Voodoo Games";
				TargetAttributes = {
					06711D9D1DACE6EC0094E124 = {
						CreatedOnToolsVersion = 8.0;
						DevelopmentTeam = TSKBEM2B5G;
						ProvisioningStyle = Automatic;
					};
				};
			};
			buildConfigurationList = 06711D991DACE6EC0094E124 /* Build configuration list for PBXProject "TenjinIosExtension" */;
			compatibilityVersion = "Xcode 3.2";
			developmentRegion = English;
			hasScannedForEncodings = 0;
			knownRegions = (
				en,
			);
			mainGroup = 06711D951DACE6EC0094E124;
			productRefGroup = 06711D9F1DACE6EC0094E124 /* Products */;
			projectDirPath = "";
			projectRoot = "";
			targets = (
				06711D9D1DACE6EC0094E124 /* TenjinIosExtension */,
			);
		};
/* End PBXProject section */

/* Begin PBXSourcesBuildPhase section */
		06711D9A1DACE6EC0094E124 /* Sources */ = {
			isa = PBXSourcesBuildPhase;
			buildActionMask = 2147483647;
			files = (
				06711DCE1DAD0DFA0094E124 /* FRETypeConverter.m in Sources */,
				06711DD01DAD0DFA0094E124 /* TenjinIosExtension.m in Sources */,
			);
			runOnlyForDeploymentPostprocessing = 0;
		};
/* End PBXSourcesBuildPhase section */

/* Begin XCBuildConfiguration section */
		06711DA51DACE6EC0094E124 /* Debug */ = {
			isa = XCBuildConfiguration;
			buildSettings = {
				ALWAYS_SEARCH_USER_PATHS = NO;
				CLANG_ANALYZER_NONNULL = YES;
				CLANG_CXX_LANGUAGE_STANDARD = "gnu++0x";
				CLANG_CXX_LIBRARY = "libc++";
				CLANG_ENABLE_MODULES = YES;
				CLANG_ENABLE_OBJC_ARC = YES;
				CLANG_WARN_BOOL_CONVERSION = YES;
				CLANG_WARN_CONSTANT_CONVERSION = YES;
				CLANG_WARN_DIRECT_OBJC_ISA_USAGE = YES_ERROR;
				CLANG_WARN_DOCUMENTATION_COMMENTS = YES;
				CLANG_WARN_EMPTY_BODY = YES;
				CLANG_WARN_ENUM_CONVERSION = YES;
				CLANG_WARN_INFINITE_RECURSION = YES;
				CLANG_WARN_INT_CONVERSION = YES;
				CLANG_WARN_OBJC_ROOT_CLASS = YES_ERROR;
				CLANG_WARN_SUSPICIOUS_MOVES = YES;
				CLANG_WARN_UNREACHABLE_CODE = YES;
				CLANG_WARN__DUPLICATE_METHOD_MATCH = YES;
				"CODE_SIGN_IDENTITY[sdk=iphoneos*]" = "iPhone Developer";
				COPY_PHASE_STRIP = NO;
				DEBUG_INFORMATION_FORMAT = dwarf;
				ENABLE_STRICT_OBJC_MSGSEND = YES;
				ENABLE_TESTABILITY = YES;
				GCC_C_LANGUAGE_STANDARD = gnu99;
				GCC_DYNAMIC_NO_PIC = NO;
				GCC_NO_COMMON_BLOCKS = YES;
				GCC_OPTIMIZATION_LEVEL = 0;
				GCC_PREPROCESSOR_DEFINITIONS = (
					"DEBUG=1",
					"$(inherited)",
				);
				GCC_WARN_64_TO_32_BIT_CONVERSION = YES;
				GCC_WARN_ABOUT_RETURN_TYPE = YES_ERROR;
				GCC_WARN_UNDECLARED_SELECTOR = YES;
				GCC_WARN_UNINITIALIZED_AUTOS = YES_AGGRESSIVE;
				GCC_WARN_UNUSED_FUNCTION = YES;
				GCC_WARN_UNUSED_VARIABLE = YES;
				IPHONEOS_DEPLOYMENT_TARGET = 8.0;
				MTL_ENABLE_DEBUG_INFO = YES;
				ONLY_ACTIVE_ARCH = NO;
				SDKROOT = iphoneos;
				TARGETED_DEVICE_FAMILY = "1,2";
			};
			name = Debug;
		};
		06711DA61DACE6EC0094E124 /* Release */ = {
			isa = XCBuildConfiguration;
			buildSettings = {
				ALWAYS_SEARCH_USER_PATHS = NO;
				CLANG_ANALYZER_NONNULL = YES;
				CLANG_CXX_LANGUAGE_STANDARD = "gnu++0x";
				CLANG_CXX_LIBRARY = "libc++";
				CLANG_ENABLE_MODULES = YES;
				CLANG_ENABLE_OBJC_ARC = YES;
				CLANG_WARN_BOOL_CONVERSION = YES;
				CLANG_WARN_CONSTANT_CONVERSION = YES;
				CLANG_WARN_DIRECT_OBJC_ISA_USAGE = YES_ERROR;
				CLANG_WARN_DOCUMENTATION_COMMENTS = YES;
				CLANG_WARN_EMPTY_BODY = YES;
				CLANG_WARN_ENUM_CONVERSION = YES;
				CLANG_WARN_INFINITE_RECURSION = YES;
				CLANG_WARN_INT_CONVERSION = YES;
				CLANG_WARN_OBJC_ROOT_CLASS = YES_ERROR;
				CLANG_WARN_SUSPICIOUS_MOVES = YES;
				CLANG_WARN_UNREACHABLE_CODE = YES;
				CLANG_WARN__DUPLICATE_METHOD_MATCH = YES;
				"CODE_SIGN_IDENTITY[sdk=iphoneos*]" = "iPhone Developer";
				COPY_PHASE_STRIP = NO;
				DEBUG_INFORMATION_FORMAT = "dwarf-with-dsym";
				ENABLE_NS_ASSERTIONS = NO;
				ENABLE_STRICT_OBJC_MSGSEND = YES;
				GCC_C_LANGUAGE_STANDARD = gnu99;
				GCC_NO_COMMON_BLOCKS = YES;
				GCC_WARN_64_TO_32_BIT_CONVERSION = YES;
				GCC_WARN_ABOUT_RETURN_TYPE = YES_ERROR;
				GCC_WARN_UNDECLARED_SELECTOR = YES;
				GCC_WARN_UNINITIALIZED_AUTOS = YES_AGGRESSIVE;
				GCC_WARN_UNUSED_FUNCTION = YES;
				GCC_WARN_UNUSED_VARIABLE = YES;
				IPHONEOS_DEPLOYMENT_TARGET = 8.0;
				MTL_ENABLE_DEBUG_INFO = NO;
				SDKROOT = iphoneos;
				TARGETED_DEVICE_FAMILY = "1,2";
				VALIDATE_PRODUCT = YES;
			};
			name = Release;
		};
		06711DA81DACE6EC0094E124 /* Debug */ = {
			isa = XCBuildConfiguration;
			buildSettings = {
				DEVELOPMENT_TEAM = TSKBEM2B5G;
				LIBRARY_SEARCH_PATHS = (
					"$(inherited)",
					"$(PROJECT_DIR)/TenjinIosExtension/SDK",
				);
				ONLY_ACTIVE_ARCH = NO;
				OTHER_LDFLAGS = (
					"-ObjC",
					"-all_load",
				);
				PRODUCT_NAME = "$(TARGET_NAME)";
				SKIP_INSTALL = YES;
				TARGETED_DEVICE_FAMILY = "1,2";
			};
			name = Debug;
		};
		06711DA91DACE6EC0094E124 /* Release */ = {
			isa = XCBuildConfiguration;
			buildSettings = {
				DEVELOPMENT_TEAM = TSKBEM2B5G;
				LIBRARY_SEARCH_PATHS = (
					"$(inherited)",
					"$(PROJECT_DIR)/TenjinIosExtension/SDK",
				);
				ONLY_ACTIVE_ARCH = NO;
				OTHER_LDFLAGS = (
					"-ObjC",
					"-all_load",
				);
				PRODUCT_NAME = "$(TARGET_NAME)";
				SKIP_INSTALL = YES;
				TARGETED_DEVICE_FAMILY = "1,2";
			};
			name = Release;
		};
/* End XCBuildConfiguration section */

/* Begin XCConfigurationList section */
		06711D991DACE6EC0094E124 /* Build configuration list for PBXProject "TenjinIosExtension" */ = {
			isa = XCConfigurationList;
			buildConfigurations = (
				06711DA51DACE6EC0094E124 /* Debug */,
				06711DA61DACE6EC0094E124 /* Release */,
			);
			defaultConfigurationIsVisible = 0;
			defaultConfigurationName = Release;
		};
		06711DA71DACE6EC0094E124 /* Build configuration list for PBXNativeTarget "TenjinIosExtension" */ = {
			isa = XCConfigurationList;
			buildConfigurations = (
				06711DA81DACE6EC0094E124 /* Debug */,
				06711DA91DACE6EC0094E124 /* Release */,
			);
			defaultConfigurationIsVisible = 0;
			defaultConfigurationName = Release;
		};
/* End XCConfigurationList section */
	};
	rootObject = 06711D961DACE6EC0094E124 /* Project object */;
}
