// !$*UTF8*$!
{
	archiveVersion = 1;
	classes = {
	};
	objectVersion = 46;
	objects = {

/* Begin PBXBuildFile section */
		214D273D1C6C90A7000DCBB1 /* FRETypeConverter.h in Headers */ = {isa = PBXBuildFile; fileRef = 214D273B1C6C90A7000DCBB1 /* FRETypeConverter.h */; };
		214D273E1C6C90A7000DCBB1 /* FRETypeConverter.m in Sources */ = {isa = PBXBuildFile; fileRef = 214D273C1C6C90A7000DCBB1 /* FRETypeConverter.m */; };
		21A189D51C6C97030097EC61 /* libTenjinSDKUniversal.a in Frameworks */ = {isa = PBXBuildFile; fileRef = 21A189D31C6C97030097EC61 /* libTenjinSDKUniversal.a */; };
		21A189D61C6C97030097EC61 /* TenjinSDK.h in Headers */ = {isa = PBXBuildFile; fileRef = 21A189D41C6C97030097EC61 /* TenjinSDK.h */; };
		79A6D4931636C14D009DA60A /* TenjinIosExtension.m in Sources */ = {isa = PBXBuildFile; fileRef = 79A6D4921636C14D009DA60A /* TenjinIosExtension.m */; };
/* End PBXBuildFile section */

/* Begin PBXCopyFilesBuildPhase section */
		79A6D4861636C14C009DA60A /* CopyFiles */ = {
			isa = PBXCopyFilesBuildPhase;
			buildActionMask = 2147483647;
			dstPath = "include/${PRODUCT_NAME}";
			dstSubfolderSpec = 7;
			files = (
			);
			runOnlyForDeploymentPostprocessing = 0;
		};
/* End PBXCopyFilesBuildPhase section */

/* Begin PBXFileReference section */
		015BF4CE1ABB34C700B304B5 /* libTenjinIosExtension.a */ = {isa = PBXFileReference; explicitFileType = archive.ar; includeInIndex = 0; path = libTenjinIosExtension.a; sourceTree = BUILT_PRODUCTS_DIR; };
		214D273B1C6C90A7000DCBB1 /* FRETypeConverter.h */ = {isa = PBXFileReference; fileEncoding = 4; lastKnownFileType = sourcecode.c.h; path = FRETypeConverter.h; sourceTree = "<group>"; };
		214D273C1C6C90A7000DCBB1 /* FRETypeConverter.m */ = {isa = PBXFileReference; fileEncoding = 4; lastKnownFileType = sourcecode.c.objc; path = FRETypeConverter.m; sourceTree = "<group>"; };
		21A189D31C6C97030097EC61 /* libTenjinSDKUniversal.a */ = {isa = PBXFileReference; lastKnownFileType = archive.ar; path = libTenjinSDKUniversal.a; sourceTree = "<group>"; };
		21A189D41C6C97030097EC61 /* TenjinSDK.h */ = {isa = PBXFileReference; fileEncoding = 4; lastKnownFileType = sourcecode.c.h; path = TenjinSDK.h; sourceTree = "<group>"; };
		79A6D4921636C14D009DA60A /* TenjinIosExtension.m */ = {isa = PBXFileReference; lastKnownFileType = sourcecode.c.objc; path = TenjinIosExtension.m; sourceTree = "<group>"; };
		79A6D49F1636D8DA009DA60A /* FlashRuntimeExtensions.h */ = {isa = PBXFileReference; fileEncoding = 4; lastKnownFileType = sourcecode.c.h; path = FlashRuntimeExtensions.h; sourceTree = "<group>"; };
/* End PBXFileReference section */

/* Begin PBXFrameworksBuildPhase section */
		79A6D4851636C14C009DA60A /* Frameworks */ = {
			isa = PBXFrameworksBuildPhase;
			buildActionMask = 2147483647;
			files = (
				21A189D51C6C97030097EC61 /* libTenjinSDKUniversal.a in Frameworks */,
			);
			runOnlyForDeploymentPostprocessing = 0;
		};
/* End PBXFrameworksBuildPhase section */

/* Begin PBXGroup section */
		21A189D21C6C97030097EC61 /* SDK */ = {
			isa = PBXGroup;
			children = (
				21A189D31C6C97030097EC61 /* libTenjinSDKUniversal.a */,
				21A189D41C6C97030097EC61 /* TenjinSDK.h */,
			);
			path = SDK;
			sourceTree = "<group>";
		};
		79A6D47D1636C14C009DA60A = {
			isa = PBXGroup;
			children = (
				79A6D48D1636C14D009DA60A /* TenjinIosExtension */,
				015BF4CE1ABB34C700B304B5 /* libTenjinIosExtension.a */,
			);
			sourceTree = "<group>";
		};
		79A6D48D1636C14D009DA60A /* TenjinIosExtension */ = {
			isa = PBXGroup;
			children = (
				21A189D21C6C97030097EC61 /* SDK */,
				214D273B1C6C90A7000DCBB1 /* FRETypeConverter.h */,
				214D273C1C6C90A7000DCBB1 /* FRETypeConverter.m */,
				79A6D49F1636D8DA009DA60A /* FlashRuntimeExtensions.h */,
				79A6D4921636C14D009DA60A /* TenjinIosExtension.m */,
			);
			path = TenjinIosExtension;
			sourceTree = "<group>";
		};
/* End PBXGroup section */

/* Begin PBXHeadersBuildPhase section */
		7914021F163AFA98004D6EE6 /* Headers */ = {
			isa = PBXHeadersBuildPhase;
			buildActionMask = 2147483647;
			files = (
				214D273D1C6C90A7000DCBB1 /* FRETypeConverter.h in Headers */,
				21A189D61C6C97030097EC61 /* TenjinSDK.h in Headers */,
			);
			runOnlyForDeploymentPostprocessing = 0;
		};
/* End PBXHeadersBuildPhase section */

/* Begin PBXNativeTarget section */
		79A6D4871636C14C009DA60A /* TenjinIosExtension */ = {
			isa = PBXNativeTarget;
			buildConfigurationList = 79A6D4961636C14D009DA60A /* Build configuration list for PBXNativeTarget "TenjinIosExtension" */;
			buildPhases = (
				79A6D4841636C14C009DA60A /* Sources */,
				79A6D4851636C14C009DA60A /* Frameworks */,
				79A6D4861636C14C009DA60A /* CopyFiles */,
				7914021F163AFA98004D6EE6 /* Headers */,
			);
			buildRules = (
			);
			dependencies = (
			);
			name = TenjinIosExtension;
			productName = MoPubIosExtension;
			productReference = 015BF4CE1ABB34C700B304B5 /* libTenjinIosExtension.a */;
			productType = "com.apple.product-type.library.static";
		};
/* End PBXNativeTarget section */

/* Begin PBXProject section */
		79A6D47F1636C14C009DA60A /* Project object */ = {
			isa = PBXProject;
			attributes = {
				LastUpgradeCheck = 0500;
				ORGANIZATIONNAME = "Richard Lord";
			};
			buildConfigurationList = 79A6D4821636C14C009DA60A /* Build configuration list for PBXProject "TenjinIosExtension" */;
			compatibilityVersion = "Xcode 3.2";
			developmentRegion = English;
			hasScannedForEncodings = 0;
			knownRegions = (
				en,
			);
			mainGroup = 79A6D47D1636C14C009DA60A;
			productRefGroup = 79A6D47D1636C14C009DA60A;
			projectDirPath = "";
			projectRoot = "";
			targets = (
				79A6D4871636C14C009DA60A /* TenjinIosExtension */,
			);
		};
/* End PBXProject section */

/* Begin PBXSourcesBuildPhase section */
		79A6D4841636C14C009DA60A /* Sources */ = {
			isa = PBXSourcesBuildPhase;
			buildActionMask = 2147483647;
			files = (
				214D273E1C6C90A7000DCBB1 /* FRETypeConverter.m in Sources */,
				79A6D4931636C14D009DA60A /* TenjinIosExtension.m in Sources */,
			);
			runOnlyForDeploymentPostprocessing = 0;
		};
/* End PBXSourcesBuildPhase section */

/* Begin XCBuildConfiguration section */
		79A6D4941636C14D009DA60A /* Debug */ = {
			isa = XCBuildConfiguration;
			buildSettings = {
				ALWAYS_SEARCH_USER_PATHS = NO;
				CLANG_CXX_LANGUAGE_STANDARD = "gnu++0x";
				CLANG_CXX_LIBRARY = "libc++";
				CLANG_WARN_EMPTY_BODY = YES;
				CLANG_WARN__DUPLICATE_METHOD_MATCH = YES;
				COPY_PHASE_STRIP = NO;
				GCC_C_LANGUAGE_STANDARD = gnu99;
				GCC_DYNAMIC_NO_PIC = NO;
				GCC_OPTIMIZATION_LEVEL = 0;
				GCC_PREPROCESSOR_DEFINITIONS = (
					"DEBUG=1",
					"$(inherited)",
				);
				GCC_SYMBOLS_PRIVATE_EXTERN = NO;
				GCC_WARN_ABOUT_RETURN_TYPE = YES;
				GCC_WARN_UNINITIALIZED_AUTOS = YES;
				GCC_WARN_UNUSED_VARIABLE = YES;
				IPHONEOS_DEPLOYMENT_TARGET = 6.0;
				ONLY_ACTIVE_ARCH = YES;
				SDKROOT = iphoneos;
				VALID_ARCHS = "armv7 armv7s arm64";
			};
			name = Debug;
		};
		79A6D4951636C14D009DA60A /* Release */ = {
			isa = XCBuildConfiguration;
			buildSettings = {
				ALWAYS_SEARCH_USER_PATHS = NO;
				CLANG_CXX_LANGUAGE_STANDARD = "gnu++0x";
				CLANG_CXX_LIBRARY = "libc++";
				CLANG_WARN_EMPTY_BODY = YES;
				CLANG_WARN__DUPLICATE_METHOD_MATCH = YES;
				COPY_PHASE_STRIP = YES;
				GCC_C_LANGUAGE_STANDARD = gnu99;
				GCC_WARN_ABOUT_RETURN_TYPE = YES;
				GCC_WARN_UNINITIALIZED_AUTOS = YES;
				GCC_WARN_UNUSED_VARIABLE = YES;
				IPHONEOS_DEPLOYMENT_TARGET = 6.0;
				SDKROOT = iphoneos;
				VALIDATE_PRODUCT = YES;
				VALID_ARCHS = "armv7 armv7s arm64";
			};
			name = Release;
		};
		79A6D4971636C14D009DA60A /* Debug */ = {
			isa = XCBuildConfiguration;
			buildSettings = {
				DSTROOT = /tmp/TenjinIosExtension.dst;
				FRAMEWORK_SEARCH_PATHS = (
					"$(inherited)",
					"$(PROJECT_DIR)",
					"$(PROJECT_DIR)/AdColony/SDK",
					"$(PROJECT_DIR)/VidCoin/SDK",
					"$(PROJECT_DIR)/Chartboost/SDK",
					"$(PROJECT_DIR)/AdMob/SDK",
					"$(PROJECT_DIR)/Smaato/SDK",
				);
				GCC_PRECOMPILE_PREFIX_HEADER = YES;
				GCC_PREFIX_HEADER = "";
				GCC_WARN_ABOUT_POINTER_SIGNEDNESS = NO;
				IPHONEOS_DEPLOYMENT_TARGET = 6.0;
				LIBRARY_SEARCH_PATHS = (
					"$(PROJECT_DIR)/Chartboost/SDK",
					"$(PROJECT_DIR)/InMobi/SDK",
					"$(PROJECT_DIR)/AppsFire/SDK",
					"$(PROJECT_DIR)/Mobvious",
					"$(PROJECT_DIR)/Mobvious/SDK",
					"$(PROJECT_DIR)/AdMobConversionTracking/SDK",
					"$(PROJECT_DIR)/SmartAdServer/SDK",
					"$(PROJECT_DIR)/TenjinIosExtension/SDK",
				);
				ONLY_ACTIVE_ARCH = NO;
				OTHER_LDFLAGS = "-ObjC";
				PRODUCT_NAME = TenjinIosExtension;
				SDKROOT = iphoneos8.1;
				SKIP_INSTALL = YES;
				TARGETED_DEVICE_FAMILY = "1,2";
				VALID_ARCHS = "armv7 arm64 armv7s";
			};
			name = Debug;
		};
		79A6D4981636C14D009DA60A /* Release */ = {
			isa = XCBuildConfiguration;
			buildSettings = {
				DSTROOT = /tmp/TenjinIosExtension.dst;
				FRAMEWORK_SEARCH_PATHS = (
					"$(inherited)",
					"$(PROJECT_DIR)",
					"$(PROJECT_DIR)/AdColony/SDK",
					"$(PROJECT_DIR)/VidCoin/SDK",
					"$(PROJECT_DIR)/Chartboost/SDK",
					"$(PROJECT_DIR)/AdMob/SDK",
					"$(PROJECT_DIR)/Smaato/SDK",
				);
				GCC_PRECOMPILE_PREFIX_HEADER = YES;
				GCC_PREFIX_HEADER = "";
				GCC_WARN_ABOUT_POINTER_SIGNEDNESS = NO;
				IPHONEOS_DEPLOYMENT_TARGET = 6.0;
				LIBRARY_SEARCH_PATHS = (
					"$(PROJECT_DIR)/Chartboost/SDK",
					"$(PROJECT_DIR)/InMobi/SDK",
					"$(PROJECT_DIR)/AppsFire/SDK",
					"$(PROJECT_DIR)/Mobvious",
					"$(PROJECT_DIR)/Mobvious/SDK",
					"$(PROJECT_DIR)/AdMobConversionTracking/SDK",
					"$(PROJECT_DIR)/SmartAdServer/SDK",
					"$(PROJECT_DIR)/TenjinIosExtension/SDK",
				);
				ONLY_ACTIVE_ARCH = NO;
				OTHER_LDFLAGS = "-ObjC";
				PRODUCT_NAME = TenjinIosExtension;
				SDKROOT = iphoneos8.1;
				SKIP_INSTALL = YES;
				TARGETED_DEVICE_FAMILY = "1,2";
				VALID_ARCHS = "armv7 arm64 armv7s";
			};
			name = Release;
		};
/* End XCBuildConfiguration section */

/* Begin XCConfigurationList section */
		79A6D4821636C14C009DA60A /* Build configuration list for PBXProject "TenjinIosExtension" */ = {
			isa = XCConfigurationList;
			buildConfigurations = (
				79A6D4941636C14D009DA60A /* Debug */,
				79A6D4951636C14D009DA60A /* Release */,
			);
			defaultConfigurationIsVisible = 0;
			defaultConfigurationName = Release;
		};
		79A6D4961636C14D009DA60A /* Build configuration list for PBXNativeTarget "TenjinIosExtension" */ = {
			isa = XCConfigurationList;
			buildConfigurations = (
				79A6D4971636C14D009DA60A /* Debug */,
				79A6D4981636C14D009DA60A /* Release */,
			);
			defaultConfigurationIsVisible = 0;
			defaultConfigurationName = Release;
		};
/* End XCConfigurationList section */
	};
	rootObject = 79A6D47F1636C14C009DA60A /* Project object */;
}
